// !$*UTF8*$!
{
	archiveVersion = 1;
	classes = {
	};
	objectVersion = 46;
	objects = {

/* Begin PBXBuildFile section */
		159DD91019CAC05C00679EF7 /* Foundation.framework in Frameworks */ = {isa = PBXBuildFile; fileRef = 159DD90F19CAC05C00679EF7 /* Foundation.framework */; };
		159DD91219CAC05C00679EF7 /* CoreGraphics.framework in Frameworks */ = {isa = PBXBuildFile; fileRef = 159DD91119CAC05C00679EF7 /* CoreGraphics.framework */; };
		159DD91419CAC05C00679EF7 /* UIKit.framework in Frameworks */ = {isa = PBXBuildFile; fileRef = 159DD91319CAC05C00679EF7 /* UIKit.framework */; };
		159DD91A19CAC05C00679EF7 /* InfoPlist.strings in Resources */ = {isa = PBXBuildFile; fileRef = 159DD91819CAC05C00679EF7 /* InfoPlist.strings */; };
		159DD91C19CAC05C00679EF7 /* main.m in Sources */ = {isa = PBXBuildFile; fileRef = 159DD91B19CAC05C00679EF7 /* main.m */; };
		159DD92019CAC05C00679EF7 /* NDAppDelegate.m in Sources */ = {isa = PBXBuildFile; fileRef = 159DD91F19CAC05C00679EF7 /* NDAppDelegate.m */; };
		159DD92319CAC05C00679EF7 /* Main.storyboard in Resources */ = {isa = PBXBuildFile; fileRef = 159DD92119CAC05C00679EF7 /* Main.storyboard */; };
		159DD92819CAC05C00679EF7 /* Images.xcassets in Resources */ = {isa = PBXBuildFile; fileRef = 159DD92719CAC05C00679EF7 /* Images.xcassets */; };
		159DD92F19CAC05C00679EF7 /* XCTest.framework in Frameworks */ = {isa = PBXBuildFile; fileRef = 159DD92E19CAC05C00679EF7 /* XCTest.framework */; };
		159DD93019CAC05C00679EF7 /* Foundation.framework in Frameworks */ = {isa = PBXBuildFile; fileRef = 159DD90F19CAC05C00679EF7 /* Foundation.framework */; };
		159DD93119CAC05C00679EF7 /* UIKit.framework in Frameworks */ = {isa = PBXBuildFile; fileRef = 159DD91319CAC05C00679EF7 /* UIKit.framework */; };
		159DD93919CAC05C00679EF7 /* InfoPlist.strings in Resources */ = {isa = PBXBuildFile; fileRef = 159DD93719CAC05C00679EF7 /* InfoPlist.strings */; };
		159DD93B19CAC05C00679EF7 /* StoryHopTests.m in Sources */ = {isa = PBXBuildFile; fileRef = 159DD93A19CAC05C00679EF7 /* StoryHopTests.m */; };
		159DD94619CAC21800679EF7 /* NDStyleKit.m in Sources */ = {isa = PBXBuildFile; fileRef = 159DD94519CAC21800679EF7 /* NDStyleKit.m */; };
		159DD94D19CAC85700679EF7 /* NDStory.m in Sources */ = {isa = PBXBuildFile; fileRef = 159DD94C19CAC85700679EF7 /* NDStory.m */; };
		159DD95119CAC8FF00679EF7 /* NDuser.m in Sources */ = {isa = PBXBuildFile; fileRef = 159DD95019CAC8FF00679EF7 /* NDuser.m */; };
		159DD95D19CAD04D00679EF7 /* zacBorrowdale.png in Resources */ = {isa = PBXBuildFile; fileRef = 159DD95719CAD04D00679EF7 /* zacBorrowdale.png */; };
		159DD95E19CAD04D00679EF7 /* pandoraShelley.png in Resources */ = {isa = PBXBuildFile; fileRef = 159DD95819CAD04D00679EF7 /* pandoraShelley.png */; };
		159DD95F19CAD04D00679EF7 /* bryceYork.jpg in Resources */ = {isa = PBXBuildFile; fileRef = 159DD95919CAD04D00679EF7 /* bryceYork.jpg */; };
		159DD96019CAD04D00679EF7 /* nikkiDurkin.jpg in Resources */ = {isa = PBXBuildFile; fileRef = 159DD95A19CAD04D00679EF7 /* nikkiDurkin.jpg */; };
		159DD96119CAD04D00679EF7 /* alexDurkin.jpg in Resources */ = {isa = PBXBuildFile; fileRef = 159DD95B19CAD04D00679EF7 /* alexDurkin.jpg */; };
		159DD96219CAD04D00679EF7 /* JaneLu.jpg in Resources */ = {isa = PBXBuildFile; fileRef = 159DD95C19CAD04D00679EF7 /* JaneLu.jpg */; };
		159DD96519CAD54000679EF7 /* NDdata.m in Sources */ = {isa = PBXBuildFile; fileRef = 159DD96419CAD54000679EF7 /* NDdata.m */; };
		159DD96919CADA8E00679EF7 /* starIcon.png in Resources */ = {isa = PBXBuildFile; fileRef = 159DD96719CADA8E00679EF7 /* starIcon.png */; };
		159DD96A19CADA8E00679EF7 /* trophyIcon.png in Resources */ = {isa = PBXBuildFile; fileRef = 159DD96819CADA8E00679EF7 /* trophyIcon.png */; };
		159DD96D19CAFB3900679EF7 /* NDRootViewController.m in Sources */ = {isa = PBXBuildFile; fileRef = 159DD96C19CAFB3900679EF7 /* NDRootViewController.m */; };
		159DD97019CB0D8200679EF7 /* NDStoryTableViewCell.m in Sources */ = {isa = PBXBuildFile; fileRef = 159DD96F19CB0D8200679EF7 /* NDStoryTableViewCell.m */; };
		159DD98019CB1FE200679EF7 /* NDAppearance.m in Sources */ = {isa = PBXBuildFile; fileRef = 159DD97F19CB1FE200679EF7 /* NDAppearance.m */; };
/* End PBXBuildFile section */

/* Begin PBXContainerItemProxy section */
		159DD93219CAC05C00679EF7 /* PBXContainerItemProxy */ = {
			isa = PBXContainerItemProxy;
			containerPortal = 159DD90419CAC05C00679EF7 /* Project object */;
			proxyType = 1;
			remoteGlobalIDString = 159DD90B19CAC05C00679EF7;
			remoteInfo = StoryHop;
		};
/* End PBXContainerItemProxy section */

/* Begin PBXFileReference section */
		159DD90C19CAC05C00679EF7 /* StoryHop.app */ = {isa = PBXFileReference; explicitFileType = wrapper.application; includeInIndex = 0; path = StoryHop.app; sourceTree = BUILT_PRODUCTS_DIR; };
		159DD90F19CAC05C00679EF7 /* Foundation.framework */ = {isa = PBXFileReference; lastKnownFileType = wrapper.framework; name = Foundation.framework; path = System/Library/Frameworks/Foundation.framework; sourceTree = SDKROOT; };
		159DD91119CAC05C00679EF7 /* CoreGraphics.framework */ = {isa = PBXFileReference; lastKnownFileType = wrapper.framework; name = CoreGraphics.framework; path = System/Library/Frameworks/CoreGraphics.framework; sourceTree = SDKROOT; };
		159DD91319CAC05C00679EF7 /* UIKit.framework */ = {isa = PBXFileReference; lastKnownFileType = wrapper.framework; name = UIKit.framework; path = System/Library/Frameworks/UIKit.framework; sourceTree = SDKROOT; };
		159DD91719CAC05C00679EF7 /* StoryHop-Info.plist */ = {isa = PBXFileReference; lastKnownFileType = text.plist.xml; path = "StoryHop-Info.plist"; sourceTree = "<group>"; };
		159DD91919CAC05C00679EF7 /* en */ = {isa = PBXFileReference; lastKnownFileType = text.plist.strings; name = en; path = en.lproj/InfoPlist.strings; sourceTree = "<group>"; };
		159DD91B19CAC05C00679EF7 /* main.m */ = {isa = PBXFileReference; lastKnownFileType = sourcecode.c.objc; path = main.m; sourceTree = "<group>"; };
		159DD91D19CAC05C00679EF7 /* StoryHop-Prefix.pch */ = {isa = PBXFileReference; lastKnownFileType = sourcecode.c.h; path = "StoryHop-Prefix.pch"; sourceTree = "<group>"; };
		159DD91E19CAC05C00679EF7 /* NDAppDelegate.h */ = {isa = PBXFileReference; lastKnownFileType = sourcecode.c.h; path = NDAppDelegate.h; sourceTree = "<group>"; };
		159DD91F19CAC05C00679EF7 /* NDAppDelegate.m */ = {isa = PBXFileReference; lastKnownFileType = sourcecode.c.objc; path = NDAppDelegate.m; sourceTree = "<group>"; };
		159DD92219CAC05C00679EF7 /* Base */ = {isa = PBXFileReference; lastKnownFileType = file.storyboard; name = Base; path = Base.lproj/Main.storyboard; sourceTree = "<group>"; };
		159DD92719CAC05C00679EF7 /* Images.xcassets */ = {isa = PBXFileReference; lastKnownFileType = folder.assetcatalog; path = Images.xcassets; sourceTree = "<group>"; };
		159DD92D19CAC05C00679EF7 /* StoryHopTests.xctest */ = {isa = PBXFileReference; explicitFileType = wrapper.cfbundle; includeInIndex = 0; path = StoryHopTests.xctest; sourceTree = BUILT_PRODUCTS_DIR; };
		159DD92E19CAC05C00679EF7 /* XCTest.framework */ = {isa = PBXFileReference; lastKnownFileType = wrapper.framework; name = XCTest.framework; path = Library/Frameworks/XCTest.framework; sourceTree = DEVELOPER_DIR; };
		159DD93619CAC05C00679EF7 /* StoryHopTests-Info.plist */ = {isa = PBXFileReference; lastKnownFileType = text.plist.xml; path = "StoryHopTests-Info.plist"; sourceTree = "<group>"; };
		159DD93819CAC05C00679EF7 /* en */ = {isa = PBXFileReference; lastKnownFileType = text.plist.strings; name = en; path = en.lproj/InfoPlist.strings; sourceTree = "<group>"; };
		159DD93A19CAC05C00679EF7 /* StoryHopTests.m */ = {isa = PBXFileReference; lastKnownFileType = sourcecode.c.objc; path = StoryHopTests.m; sourceTree = "<group>"; };
		159DD94419CAC21800679EF7 /* NDStyleKit.h */ = {isa = PBXFileReference; fileEncoding = 4; lastKnownFileType = sourcecode.c.h; path = NDStyleKit.h; sourceTree = "<group>"; };
		159DD94519CAC21800679EF7 /* NDStyleKit.m */ = {isa = PBXFileReference; fileEncoding = 4; lastKnownFileType = sourcecode.c.objc; path = NDStyleKit.m; sourceTree = "<group>"; };
		159DD94B19CAC85700679EF7 /* NDStory.h */ = {isa = PBXFileReference; fileEncoding = 4; lastKnownFileType = sourcecode.c.h; path = NDStory.h; sourceTree = "<group>"; };
		159DD94C19CAC85700679EF7 /* NDStory.m */ = {isa = PBXFileReference; fileEncoding = 4; lastKnownFileType = sourcecode.c.objc; path = NDStory.m; sourceTree = "<group>"; };
		159DD94F19CAC8FF00679EF7 /* NDuser.h */ = {isa = PBXFileReference; fileEncoding = 4; lastKnownFileType = sourcecode.c.h; path = NDuser.h; sourceTree = "<group>"; };
		159DD95019CAC8FF00679EF7 /* NDuser.m */ = {isa = PBXFileReference; fileEncoding = 4; lastKnownFileType = sourcecode.c.objc; path = NDuser.m; sourceTree = "<group>"; };
		159DD95719CAD04D00679EF7 /* zacBorrowdale.png */ = {isa = PBXFileReference; lastKnownFileType = image.png; path = zacBorrowdale.png; sourceTree = "<group>"; };
		159DD95819CAD04D00679EF7 /* pandoraShelley.png */ = {isa = PBXFileReference; lastKnownFileType = image.png; path = pandoraShelley.png; sourceTree = "<group>"; };
		159DD95919CAD04D00679EF7 /* bryceYork.jpg */ = {isa = PBXFileReference; lastKnownFileType = image.jpeg; path = bryceYork.jpg; sourceTree = "<group>"; };
		159DD95A19CAD04D00679EF7 /* nikkiDurkin.jpg */ = {isa = PBXFileReference; lastKnownFileType = image.jpeg; path = nikkiDurkin.jpg; sourceTree = "<group>"; };
		159DD95B19CAD04D00679EF7 /* alexDurkin.jpg */ = {isa = PBXFileReference; lastKnownFileType = image.jpeg; path = alexDurkin.jpg; sourceTree = "<group>"; };
		159DD95C19CAD04D00679EF7 /* JaneLu.jpg */ = {isa = PBXFileReference; lastKnownFileType = image.jpeg; path = JaneLu.jpg; sourceTree = "<group>"; };
		159DD96319CAD54000679EF7 /* NDdata.h */ = {isa = PBXFileReference; fileEncoding = 4; lastKnownFileType = sourcecode.c.h; path = NDdata.h; sourceTree = "<group>"; };
		159DD96419CAD54000679EF7 /* NDdata.m */ = {isa = PBXFileReference; fileEncoding = 4; lastKnownFileType = sourcecode.c.objc; path = NDdata.m; sourceTree = "<group>"; };
		159DD96719CADA8E00679EF7 /* starIcon.png */ = {isa = PBXFileReference; lastKnownFileType = image.png; path = starIcon.png; sourceTree = "<group>"; };
		159DD96819CADA8E00679EF7 /* trophyIcon.png */ = {isa = PBXFileReference; lastKnownFileType = image.png; path = trophyIcon.png; sourceTree = "<group>"; };
		159DD96B19CAFB3900679EF7 /* NDRootViewController.h */ = {isa = PBXFileReference; fileEncoding = 4; lastKnownFileType = sourcecode.c.h; name = NDRootViewController.h; path = ../NDRootViewController.h; sourceTree = "<group>"; };
		159DD96C19CAFB3900679EF7 /* NDRootViewController.m */ = {isa = PBXFileReference; fileEncoding = 4; lastKnownFileType = sourcecode.c.objc; name = NDRootViewController.m; path = ../NDRootViewController.m; sourceTree = "<group>"; };
		159DD96E19CB0D8200679EF7 /* NDStoryTableViewCell.h */ = {isa = PBXFileReference; fileEncoding = 4; lastKnownFileType = sourcecode.c.h; path = NDStoryTableViewCell.h; sourceTree = "<group>"; };
		159DD96F19CB0D8200679EF7 /* NDStoryTableViewCell.m */ = {isa = PBXFileReference; fileEncoding = 4; lastKnownFileType = sourcecode.c.objc; path = NDStoryTableViewCell.m; sourceTree = "<group>"; };
		159DD97E19CB1FE200679EF7 /* NDAppearance.h */ = {isa = PBXFileReference; fileEncoding = 4; lastKnownFileType = sourcecode.c.h; path = NDAppearance.h; sourceTree = "<group>"; };
		159DD97F19CB1FE200679EF7 /* NDAppearance.m */ = {isa = PBXFileReference; fileEncoding = 4; lastKnownFileType = sourcecode.c.objc; path = NDAppearance.m; sourceTree = "<group>"; };
/* End PBXFileReference section */

/* Begin PBXFrameworksBuildPhase section */
		159DD90919CAC05C00679EF7 /* Frameworks */ = {
			isa = PBXFrameworksBuildPhase;
			buildActionMask = 2147483647;
			files = (
				159DD91219CAC05C00679EF7 /* CoreGraphics.framework in Frameworks */,
				159DD91419CAC05C00679EF7 /* UIKit.framework in Frameworks */,
				159DD91019CAC05C00679EF7 /* Foundation.framework in Frameworks */,
			);
			runOnlyForDeploymentPostprocessing = 0;
		};
		159DD92A19CAC05C00679EF7 /* Frameworks */ = {
			isa = PBXFrameworksBuildPhase;
			buildActionMask = 2147483647;
			files = (
				159DD92F19CAC05C00679EF7 /* XCTest.framework in Frameworks */,
				159DD93119CAC05C00679EF7 /* UIKit.framework in Frameworks */,
				159DD93019CAC05C00679EF7 /* Foundation.framework in Frameworks */,
			);
			runOnlyForDeploymentPostprocessing = 0;
		};
/* End PBXFrameworksBuildPhase section */

/* Begin PBXGroup section */
		159DD90319CAC05C00679EF7 = {
			isa = PBXGroup;
			children = (
				159DD91519CAC05C00679EF7 /* StoryHop */,
				159DD93419CAC05C00679EF7 /* StoryHopTests */,
				159DD90E19CAC05C00679EF7 /* Frameworks */,
				159DD90D19CAC05C00679EF7 /* Products */,
			);
			sourceTree = "<group>";
		};
		159DD90D19CAC05C00679EF7 /* Products */ = {
			isa = PBXGroup;
			children = (
				159DD90C19CAC05C00679EF7 /* StoryHop.app */,
				159DD92D19CAC05C00679EF7 /* StoryHopTests.xctest */,
			);
			name = Products;
			sourceTree = "<group>";
		};
		159DD90E19CAC05C00679EF7 /* Frameworks */ = {
			isa = PBXGroup;
			children = (
				159DD90F19CAC05C00679EF7 /* Foundation.framework */,
				159DD91119CAC05C00679EF7 /* CoreGraphics.framework */,
				159DD91319CAC05C00679EF7 /* UIKit.framework */,
				159DD92E19CAC05C00679EF7 /* XCTest.framework */,
			);
			name = Frameworks;
			sourceTree = "<group>";
		};
		159DD91519CAC05C00679EF7 /* StoryHop */ = {
			isa = PBXGroup;
			children = (
				159DD91E19CAC05C00679EF7 /* NDAppDelegate.h */,
				159DD91F19CAC05C00679EF7 /* NDAppDelegate.m */,
				159DD92119CAC05C00679EF7 /* Main.storyboard */,
				159DD96B19CAFB3900679EF7 /* NDRootViewController.h */,
				159DD96C19CAFB3900679EF7 /* NDRootViewController.m */,
				159DD97119CB0D9600679EF7 /* View */,
				159DD96619CADA7C00679EF7 /* Images */,
				159DD94E19CAC86500679EF7 /* Objects */,
				159DD94A19CAC82300679EF7 /* Styles */,
				159DD92719CAC05C00679EF7 /* Images.xcassets */,
				159DD91619CAC05C00679EF7 /* Supporting Files */,
			);
			path = StoryHop;
			sourceTree = "<group>";
		};
		159DD91619CAC05C00679EF7 /* Supporting Files */ = {
			isa = PBXGroup;
			children = (
				159DD91719CAC05C00679EF7 /* StoryHop-Info.plist */,
				159DD91819CAC05C00679EF7 /* InfoPlist.strings */,
				159DD91B19CAC05C00679EF7 /* main.m */,
				159DD91D19CAC05C00679EF7 /* StoryHop-Prefix.pch */,
			);
			name = "Supporting Files";
			sourceTree = "<group>";
		};
		159DD93419CAC05C00679EF7 /* StoryHopTests */ = {
			isa = PBXGroup;
			children = (
				159DD93A19CAC05C00679EF7 /* StoryHopTests.m */,
				159DD93519CAC05C00679EF7 /* Supporting Files */,
			);
			path = StoryHopTests;
			sourceTree = "<group>";
		};
		159DD93519CAC05C00679EF7 /* Supporting Files */ = {
			isa = PBXGroup;
			children = (
				159DD93619CAC05C00679EF7 /* StoryHopTests-Info.plist */,
				159DD93719CAC05C00679EF7 /* InfoPlist.strings */,
			);
			name = "Supporting Files";
			sourceTree = "<group>";
		};
		159DD94A19CAC82300679EF7 /* Styles */ = {
			isa = PBXGroup;
			children = (
				159DD97E19CB1FE200679EF7 /* NDAppearance.h */,
				159DD97F19CB1FE200679EF7 /* NDAppearance.m */,
				159DD94419CAC21800679EF7 /* NDStyleKit.h */,
				159DD94519CAC21800679EF7 /* NDStyleKit.m */,
			);
			name = Styles;
			sourceTree = "<group>";
		};
		159DD94E19CAC86500679EF7 /* Objects */ = {
			isa = PBXGroup;
			children = (
				159DD94B19CAC85700679EF7 /* NDStory.h */,
				159DD94C19CAC85700679EF7 /* NDStory.m */,
				159DD94F19CAC8FF00679EF7 /* NDuser.h */,
				159DD95019CAC8FF00679EF7 /* NDuser.m */,
				159DD95519CACC7300679EF7 /* Dummy Data */,
			);
			name = Objects;
			sourceTree = "<group>";
		};
		159DD95519CACC7300679EF7 /* Dummy Data */ = {
			isa = PBXGroup;
			children = (
				159DD95619CAD02B00679EF7 /* Profile Pics */,
				159DD96319CAD54000679EF7 /* NDdata.h */,
				159DD96419CAD54000679EF7 /* NDdata.m */,
			);
			name = "Dummy Data";
			sourceTree = "<group>";
		};
		159DD95619CAD02B00679EF7 /* Profile Pics */ = {
			isa = PBXGroup;
			children = (
				159DD95719CAD04D00679EF7 /* zacBorrowdale.png */,
				159DD95819CAD04D00679EF7 /* pandoraShelley.png */,
				159DD95919CAD04D00679EF7 /* bryceYork.jpg */,
				159DD95A19CAD04D00679EF7 /* nikkiDurkin.jpg */,
				159DD95B19CAD04D00679EF7 /* alexDurkin.jpg */,
				159DD95C19CAD04D00679EF7 /* JaneLu.jpg */,
			);
			name = "Profile Pics";
			sourceTree = "<group>";
		};
		159DD96619CADA7C00679EF7 /* Images */ = {
			isa = PBXGroup;
			children = (
				159DD96719CADA8E00679EF7 /* starIcon.png */,
				159DD96819CADA8E00679EF7 /* trophyIcon.png */,
			);
			name = Images;
			sourceTree = "<group>";
		};
		159DD97119CB0D9600679EF7 /* View */ = {
			isa = PBXGroup;
			children = (
				159DD96E19CB0D8200679EF7 /* NDStoryTableViewCell.h */,
				159DD96F19CB0D8200679EF7 /* NDStoryTableViewCell.m */,
			);
			name = View;
			sourceTree = "<group>";
		};
/* End PBXGroup section */

/* Begin PBXNativeTarget section */
		159DD90B19CAC05C00679EF7 /* StoryHop */ = {
			isa = PBXNativeTarget;
			buildConfigurationList = 159DD93E19CAC05C00679EF7 /* Build configuration list for PBXNativeTarget "StoryHop" */;
			buildPhases = (
				159DD90819CAC05C00679EF7 /* Sources */,
				159DD90919CAC05C00679EF7 /* Frameworks */,
				159DD90A19CAC05C00679EF7 /* Resources */,
			);
			buildRules = (
			);
			dependencies = (
			);
			name = StoryHop;
			productName = StoryHop;
			productReference = 159DD90C19CAC05C00679EF7 /* StoryHop.app */;
			productType = "com.apple.product-type.application";
		};
		159DD92C19CAC05C00679EF7 /* StoryHopTests */ = {
			isa = PBXNativeTarget;
			buildConfigurationList = 159DD94119CAC05C00679EF7 /* Build configuration list for PBXNativeTarget "StoryHopTests" */;
			buildPhases = (
				159DD92919CAC05C00679EF7 /* Sources */,
				159DD92A19CAC05C00679EF7 /* Frameworks */,
				159DD92B19CAC05C00679EF7 /* Resources */,
			);
			buildRules = (
			);
			dependencies = (
				159DD93319CAC05C00679EF7 /* PBXTargetDependency */,
			);
			name = StoryHopTests;
			productName = StoryHopTests;
			productReference = 159DD92D19CAC05C00679EF7 /* StoryHopTests.xctest */;
			productType = "com.apple.product-type.bundle.unit-test";
		};
/* End PBXNativeTarget section */

/* Begin PBXProject section */
		159DD90419CAC05C00679EF7 /* Project object */ = {
			isa = PBXProject;
			attributes = {
				CLASSPREFIX = ND;
				LastUpgradeCheck = 0510;
				ORGANIZATIONNAME = "___FULLUSERNAME___";
				TargetAttributes = {
					159DD92C19CAC05C00679EF7 = {
						TestTargetID = 159DD90B19CAC05C00679EF7;
					};
				};
			};
			buildConfigurationList = 159DD90719CAC05C00679EF7 /* Build configuration list for PBXProject "StoryHop" */;
			compatibilityVersion = "Xcode 3.2";
			developmentRegion = English;
			hasScannedForEncodings = 0;
			knownRegions = (
				en,
				Base,
			);
			mainGroup = 159DD90319CAC05C00679EF7;
			productRefGroup = 159DD90D19CAC05C00679EF7 /* Products */;
			projectDirPath = "";
			projectRoot = "";
			targets = (
				159DD90B19CAC05C00679EF7 /* StoryHop */,
				159DD92C19CAC05C00679EF7 /* StoryHopTests */,
			);
		};
/* End PBXProject section */

/* Begin PBXResourcesBuildPhase section */
		159DD90A19CAC05C00679EF7 /* Resources */ = {
			isa = PBXResourcesBuildPhase;
			buildActionMask = 2147483647;
			files = (
				159DD95F19CAD04D00679EF7 /* bryceYork.jpg in Resources */,
				159DD96219CAD04D00679EF7 /* JaneLu.jpg in Resources */,
				159DD92819CAC05C00679EF7 /* Images.xcassets in Resources */,
				159DD91A19CAC05C00679EF7 /* InfoPlist.strings in Resources */,
				159DD96A19CADA8E00679EF7 /* trophyIcon.png in Resources */,
				159DD96919CADA8E00679EF7 /* starIcon.png in Resources */,
				159DD92319CAC05C00679EF7 /* Main.storyboard in Resources */,
				159DD96119CAD04D00679EF7 /* alexDurkin.jpg in Resources */,
				159DD95D19CAD04D00679EF7 /* zacBorrowdale.png in Resources */,
				159DD95E19CAD04D00679EF7 /* pandoraShelley.png in Resources */,
				159DD96019CAD04D00679EF7 /* nikkiDurkin.jpg in Resources */,
			);
			runOnlyForDeploymentPostprocessing = 0;
		};
		159DD92B19CAC05C00679EF7 /* Resources */ = {
			isa = PBXResourcesBuildPhase;
			buildActionMask = 2147483647;
			files = (
				159DD93919CAC05C00679EF7 /* InfoPlist.strings in Resources */,
			);
			runOnlyForDeploymentPostprocessing = 0;
		};
/* End PBXResourcesBuildPhase section */

/* Begin PBXSourcesBuildPhase section */
		159DD90819CAC05C00679EF7 /* Sources */ = {
			isa = PBXSourcesBuildPhase;
			buildActionMask = 2147483647;
			files = (
				159DD96519CAD54000679EF7 /* NDdata.m in Sources */,
				159DD94D19CAC85700679EF7 /* NDStory.m in Sources */,
				159DD98019CB1FE200679EF7 /* NDAppearance.m in Sources */,
				159DD92019CAC05C00679EF7 /* NDAppDelegate.m in Sources */,
				159DD94619CAC21800679EF7 /* NDStyleKit.m in Sources */,
				159DD95119CAC8FF00679EF7 /* NDuser.m in Sources */,
				159DD96D19CAFB3900679EF7 /* NDRootViewController.m in Sources */,
				159DD91C19CAC05C00679EF7 /* main.m in Sources */,
				159DD97019CB0D8200679EF7 /* NDStoryTableViewCell.m in Sources */,
			);
			runOnlyForDeploymentPostprocessing = 0;
		};
		159DD92919CAC05C00679EF7 /* Sources */ = {
			isa = PBXSourcesBuildPhase;
			buildActionMask = 2147483647;
			files = (
				159DD93B19CAC05C00679EF7 /* StoryHopTests.m in Sources */,
			);
			runOnlyForDeploymentPostprocessing = 0;
		};
/* End PBXSourcesBuildPhase section */

/* Begin PBXTargetDependency section */
		159DD93319CAC05C00679EF7 /* PBXTargetDependency */ = {
			isa = PBXTargetDependency;
			target = 159DD90B19CAC05C00679EF7 /* StoryHop */;
			targetProxy = 159DD93219CAC05C00679EF7 /* PBXContainerItemProxy */;
		};
/* End PBXTargetDependency section */

/* Begin PBXVariantGroup section */
		159DD91819CAC05C00679EF7 /* InfoPlist.strings */ = {
			isa = PBXVariantGroup;
			children = (
				159DD91919CAC05C00679EF7 /* en */,
			);
			name = InfoPlist.strings;
			sourceTree = "<group>";
		};
		159DD92119CAC05C00679EF7 /* Main.storyboard */ = {
			isa = PBXVariantGroup;
			children = (
				159DD92219CAC05C00679EF7 /* Base */,
			);
			name = Main.storyboard;
			sourceTree = "<group>";
		};
		159DD93719CAC05C00679EF7 /* InfoPlist.strings */ = {
			isa = PBXVariantGroup;
			children = (
				159DD93819CAC05C00679EF7 /* en */,
			);
			name = InfoPlist.strings;
			sourceTree = "<group>";
		};
/* End PBXVariantGroup section */

/* Begin XCBuildConfiguration section */
		159DD93C19CAC05C00679EF7 /* Debug */ = {
			isa = XCBuildConfiguration;
			buildSettings = {
				ALWAYS_SEARCH_USER_PATHS = NO;
				CLANG_CXX_LANGUAGE_STANDARD = "gnu++0x";
				CLANG_CXX_LIBRARY = "libc++";
				CLANG_ENABLE_MODULES = YES;
				CLANG_ENABLE_OBJC_ARC = YES;
				CLANG_WARN_BOOL_CONVERSION = YES;
				CLANG_WARN_CONSTANT_CONVERSION = YES;
				CLANG_WARN_DIRECT_OBJC_ISA_USAGE = YES_ERROR;
				CLANG_WARN_EMPTY_BODY = YES;
				CLANG_WARN_ENUM_CONVERSION = YES;
				CLANG_WARN_INT_CONVERSION = YES;
				CLANG_WARN_OBJC_ROOT_CLASS = YES_ERROR;
				CLANG_WARN__DUPLICATE_METHOD_MATCH = YES;
				"CODE_SIGN_IDENTITY[sdk=iphoneos*]" = "iPhone Developer";
				COPY_PHASE_STRIP = NO;
				GCC_C_LANGUAGE_STANDARD = gnu99;
				GCC_DYNAMIC_NO_PIC = NO;
				GCC_OPTIMIZATION_LEVEL = 0;
				GCC_PREPROCESSOR_DEFINITIONS = (
					"DEBUG=1",
					"$(inherited)",
				);
				GCC_SYMBOLS_PRIVATE_EXTERN = NO;
				GCC_WARN_64_TO_32_BIT_CONVERSION = YES;
				GCC_WARN_ABOUT_RETURN_TYPE = YES_ERROR;
				GCC_WARN_UNDECLARED_SELECTOR = YES;
				GCC_WARN_UNINITIALIZED_AUTOS = YES_AGGRESSIVE;
				GCC_WARN_UNUSED_FUNCTION = YES;
				GCC_WARN_UNUSED_VARIABLE = YES;
				IPHONEOS_DEPLOYMENT_TARGET = 7.1;
				ONLY_ACTIVE_ARCH = YES;
				SDKROOT = iphoneos;
			};
			name = Debug;
		};
		159DD93D19CAC05C00679EF7 /* Release */ = {
			isa = XCBuildConfiguration;
			buildSettings = {
				ALWAYS_SEARCH_USER_PATHS = NO;
				CLANG_CXX_LANGUAGE_STANDARD = "gnu++0x";
				CLANG_CXX_LIBRARY = "libc++";
				CLANG_ENABLE_MODULES = YES;
				CLANG_ENABLE_OBJC_ARC = YES;
				CLANG_WARN_BOOL_CONVERSION = YES;
				CLANG_WARN_CONSTANT_CONVERSION = YES;
				CLANG_WARN_DIRECT_OBJC_ISA_USAGE = YES_ERROR;
				CLANG_WARN_EMPTY_BODY = YES;
				CLANG_WARN_ENUM_CONVERSION = YES;
				CLANG_WARN_INT_CONVERSION = YES;
				CLANG_WARN_OBJC_ROOT_CLASS = YES_ERROR;
				CLANG_WARN__DUPLICATE_METHOD_MATCH = YES;
				"CODE_SIGN_IDENTITY[sdk=iphoneos*]" = "iPhone Developer";
				COPY_PHASE_STRIP = YES;
				ENABLE_NS_ASSERTIONS = NO;
				GCC_C_LANGUAGE_STANDARD = gnu99;
				GCC_WARN_64_TO_32_BIT_CONVERSION = YES;
				GCC_WARN_ABOUT_RETURN_TYPE = YES_ERROR;
				GCC_WARN_UNDECLARED_SELECTOR = YES;
				GCC_WARN_UNINITIALIZED_AUTOS = YES_AGGRESSIVE;
				GCC_WARN_UNUSED_FUNCTION = YES;
				GCC_WARN_UNUSED_VARIABLE = YES;
				IPHONEOS_DEPLOYMENT_TARGET = 7.1;
				SDKROOT = iphoneos;
				VALIDATE_PRODUCT = YES;
			};
			name = Release;
		};
		159DD93F19CAC05C00679EF7 /* Debug */ = {
			isa = XCBuildConfiguration;
			buildSettings = {
				ASSETCATALOG_COMPILER_APPICON_NAME = AppIcon;
				ASSETCATALOG_COMPILER_LAUNCHIMAGE_NAME = LaunchImage;
				GCC_PRECOMPILE_PREFIX_HEADER = YES;
				GCC_PREFIX_HEADER = "StoryHop/StoryHop-Prefix.pch";
				INFOPLIST_FILE = "StoryHop/StoryHop-Info.plist";
				PRODUCT_NAME = "$(TARGET_NAME)";
				WRAPPER_EXTENSION = app;
			};
			name = Debug;
		};
		159DD94019CAC05C00679EF7 /* Release */ = {
			isa = XCBuildConfiguration;
			buildSettings = {
				ASSETCATALOG_COMPILER_APPICON_NAME = AppIcon;
				ASSETCATALOG_COMPILER_LAUNCHIMAGE_NAME = LaunchImage;
				GCC_PRECOMPILE_PREFIX_HEADER = YES;
				GCC_PREFIX_HEADER = "StoryHop/StoryHop-Prefix.pch";
				INFOPLIST_FILE = "StoryHop/StoryHop-Info.plist";
				PRODUCT_NAME = "$(TARGET_NAME)";
				WRAPPER_EXTENSION = app;
			};
			name = Release;
		};
		159DD94219CAC05C00679EF7 /* Debug */ = {
			isa = XCBuildConfiguration;
			buildSettings = {
				BUNDLE_LOADER = "$(BUILT_PRODUCTS_DIR)/StoryHop.app/StoryHop";
				FRAMEWORK_SEARCH_PATHS = (
					"$(SDKROOT)/Developer/Library/Frameworks",
					"$(inherited)",
					"$(DEVELOPER_FRAMEWORKS_DIR)",
				);
				GCC_PRECOMPILE_PREFIX_HEADER = YES;
				GCC_PREFIX_HEADER = "StoryHop/StoryHop-Prefix.pch";
				GCC_PREPROCESSOR_DEFINITIONS = (
					"DEBUG=1",
					"$(inherited)",
				);
				INFOPLIST_FILE = "StoryHopTests/StoryHopTests-Info.plist";
				PRODUCT_NAME = "$(TARGET_NAME)";
				TEST_HOST = "$(BUNDLE_LOADER)";
				WRAPPER_EXTENSION = xctest;
			};
			name = Debug;
		};
		159DD94319CAC05C00679EF7 /* Release */ = {
			isa = XCBuildConfiguration;
			buildSettings = {
				BUNDLE_LOADER = "$(BUILT_PRODUCTS_DIR)/StoryHop.app/StoryHop";
				FRAMEWORK_SEARCH_PATHS = (
					"$(SDKROOT)/Developer/Library/Frameworks",
					"$(inherited)",
					"$(DEVELOPER_FRAMEWORKS_DIR)",
				);
				GCC_PRECOMPILE_PREFIX_HEADER = YES;
				GCC_PREFIX_HEADER = "StoryHop/StoryHop-Prefix.pch";
				INFOPLIST_FILE = "StoryHopTests/StoryHopTests-Info.plist";
				PRODUCT_NAME = "$(TARGET_NAME)";
				TEST_HOST = "$(BUNDLE_LOADER)";
				WRAPPER_EXTENSION = xctest;
			};
			name = Release;
		};
/* End XCBuildConfiguration section */

/* Begin XCConfigurationList section */
		159DD90719CAC05C00679EF7 /* Build configuration list for PBXProject "StoryHop" */ = {
			isa = XCConfigurationList;
			buildConfigurations = (
				159DD93C19CAC05C00679EF7 /* Debug */,
				159DD93D19CAC05C00679EF7 /* Release */,
			);
			defaultConfigurationIsVisible = 0;
			defaultConfigurationName = Release;
		};
		159DD93E19CAC05C00679EF7 /* Build configuration list for PBXNativeTarget "StoryHop" */ = {
			isa = XCConfigurationList;
			buildConfigurations = (
				159DD93F19CAC05C00679EF7 /* Debug */,
				159DD94019CAC05C00679EF7 /* Release */,
			);
			defaultConfigurationIsVisible = 0;
		};
		159DD94119CAC05C00679EF7 /* Build configuration list for PBXNativeTarget "StoryHopTests" */ = {
			isa = XCConfigurationList;
			buildConfigurations = (
				159DD94219CAC05C00679EF7 /* Debug */,
				159DD94319CAC05C00679EF7 /* Release */,
			);
			defaultConfigurationIsVisible = 0;
		};
/* End XCConfigurationList section */
	};
	rootObject = 159DD90419CAC05C00679EF7 /* Project object */;
}
